
Microsoft Visual Studio Solution File, Format Version 12.00
# Visual Studio 15
VisualStudioVersion = 15.0.26730.16
MinimumVisualStudioVersion = 10.0.40219.1
Project("{FAE04EC0-301F-11D3-BF4B-00C04F79EFBC}") = "WinMTR.NET", "WinMTR.NET\WinMTR.NET.csproj", "{06EF994C-C7F6-4A1A-B3B6-48C6DC3AFEF4}"
EndProject
Global
	GlobalSection(SolutionConfigurationPlatforms) = preSolution
		Debug|Any CPU = Debug|Any CPU
		Release|Any CPU = Release|Any CPU
	EndGlobalSection
	GlobalSection(ProjectConfigurationPlatforms) = postSolution
		{06EF994C-C7F6-4A1A-B3B6-48C6DC3AFEF4}.Debug|Any CPU.ActiveCfg = Debug|Any CPU
		{06EF994C-C7F6-4A1A-B3B6-48C6DC3AFEF4}.Debug|Any CPU.Build.0 = Debug|Any CPU
		{06EF994C-C7F6-4A1A-B3B6-48C6DC3AFEF4}.Release|Any CPU.ActiveCfg = Release|Any CPU
		{06EF994C-C7F6-4A1A-B3B6-48C6DC3AFEF4}.Release|Any CPU.Build.0 = Release|Any CPU
	EndGlobalSection
	GlobalSection(SolutionProperties) = preSolution
		HideSolutionNode = FALSE
	EndGlobalSection
	GlobalSection(ExtensibilityGlobals) = postSolution
		SolutionGuid = {9B8918D3-E8EE-496F-9576-CFC9470622CC}
	EndGlobalSection
	GlobalSection(SubversionScc) = preSolution
		Svn-Managed = True
		Manager = AnkhSVN - Subversion Support for Visual Studio
	EndGlobalSection
EndGlobal
